
Microsoft Visual Studio Solution File, Format Version 12.00
Project("{2150E333-8FDC-42A3-9474-1A3956D46DE8}") = "Frontend", "Frontend", "{E21973A1-6BDF-40AA-B184-1A6567F612B2}"
EndProject
Project("{2150E333-8FDC-42A3-9474-1A3956D46DE8}") = "Services", "Services", "{E0041B15-9835-4D15-B76A-9B2AC14B8F7F}"
EndProject
Project("{FAE04EC0-301F-11D3-BF4B-00C04F79EFBC}") = "GeekShopping.Web", "GeekShopping.Web\GeekShopping.Web.csproj", "{58D472E3-70C6-4E3D-87AD-70921299ED6E}"
EndProject
Project("{FAE04EC0-301F-11D3-BF4B-00C04F79EFBC}") = "GeekShopping.ProductAPI", "GeekShopping.ProductAPI\GeekShopping.ProductAPI.csproj", "{A529CCD2-098F-41E9-BE0F-9FC7387F5DB2}"
EndProject
Global
	GlobalSection(SolutionConfigurationPlatforms) = preSolution
		Debug|Any CPU = Debug|Any CPU
		Release|Any CPU = Release|Any CPU
	EndGlobalSection
	GlobalSection(NestedProjects) = preSolution
		{58D472E3-70C6-4E3D-87AD-70921299ED6E} = {E21973A1-6BDF-40AA-B184-1A6567F612B2}
		{A529CCD2-098F-41E9-BE0F-9FC7387F5DB2} = {E0041B15-9835-4D15-B76A-9B2AC14B8F7F}
	EndGlobalSection
	GlobalSection(ProjectConfigurationPlatforms) = postSolution
		{58D472E3-70C6-4E3D-87AD-70921299ED6E}.Debug|Any CPU.ActiveCfg = Debug|Any CPU
		{58D472E3-70C6-4E3D-87AD-70921299ED6E}.Debug|Any CPU.Build.0 = Debug|Any CPU
		{58D472E3-70C6-4E3D-87AD-70921299ED6E}.Release|Any CPU.ActiveCfg = Release|Any CPU
		{58D472E3-70C6-4E3D-87AD-70921299ED6E}.Release|Any CPU.Build.0 = Release|Any CPU
		{A529CCD2-098F-41E9-BE0F-9FC7387F5DB2}.Debug|Any CPU.ActiveCfg = Debug|Any CPU
		{A529CCD2-098F-41E9-BE0F-9FC7387F5DB2}.Debug|Any CPU.Build.0 = Debug|Any CPU
		{A529CCD2-098F-41E9-BE0F-9FC7387F5DB2}.Release|Any CPU.ActiveCfg = Release|Any CPU
		{A529CCD2-098F-41E9-BE0F-9FC7387F5DB2}.Release|Any CPU.Build.0 = Release|Any CPU
	EndGlobalSection
EndGlobal
